lockfileVersion: '9.0'

settings:
  autoInstallPeers: true
  excludeLinksFromLockfile: false

importers:

  .:
    dependencies:
      pnpm:
        specifier: ^10.34.4
        version: 10.34.4
      zod:
        specifier: ^4.4.3
        version: 4.4.3

packages:

  pnpm@10.34.4:
    resolution: {integrity: sha512-h2i+VSAK4/Iia2Un/Momh+FLxOXxLXchoPJdo99HkVF3BYZI20F3uvNIEg+guidS2NjZP2vq8f5krhjajelhrw==}
    engines: {node: '>=18.12'}
    hasBin: true

  zod@4.4.3:
    resolution: {integrity: sha512-ytENFjIJFl2UwYglde2jchW2Hwm4GJFLDiSXWdTrJQBIN9Fcyp7n4DhxJEiWNAJMV1/BqWfW/kkg71UDcHJyTQ==}

snapshots:

  pnpm@10.34.4: {}

  zod@4.4.3: {}
